{
  "nodes": {
    "flake-utils": {
      "inputs": {
        "systems": "systems"
      },
      "locked": {
        "lastModified": 1710146030,
        "narHash": "sha256-SZ5L6eA7HJ/nmkzGG7/ISclqe6oZdOZTNoesiInkXPQ=",
        "owner": "numtide",
        "repo": "flake-utils",
        "rev": "b1d9ab70662946ef0850d488da1c9019f3a9752a",
        "type": "github"
      },
      "original": {
        "owner": "numtide",
        "repo": "flake-utils",
        "type": "github"
      }
    },
    "nixpkgs": {
      "locked": {
        "lastModified": 1720181791,
        "narHash": "sha256-i4vJL12/AdyuQuviMMd1Hk2tsGt02hDNhA0Zj1m16N8=",
        "owner": "NixOS",
        "repo": "nixpkgs",
        "rev": "4284c2b73c8bce4b46a6adf23e16d9e2ec8da4bb",
        "type": "github"
      },
      "original": {
        "owner": "NixOS",
        "ref": "nixpkgs-unstable",
        "repo": "nixpkgs",
        "type": "github"
      }
    },
    "root": {
      "inputs": {
        "flake-utils": "flake-utils",
        "nixpkgs": "nixpkgs",
        "webots": "webots"
      }
    },
    "systems": {
      "locked": {
        "lastModified": 1681028828,
        "narHash": "sha256-Vy1rq5AaRuLzOxct8nz4T6wlgyUR7zLU309k9mBC768=",
        "owner": "nix-systems",
        "repo": "default",
        "rev": "da67096a3b9bf56a91d16901293e51ba5b49a27e",
        "type": "github"
      },
      "original": {
        "owner": "nix-systems",
        "repo": "default",
        "type": "github"
      }
    },
    "webots": {
      "flake": false,
      "locked": {
        "lastModified": 1687878853,
        "narHash": "sha256-m97KFWFIjEb9NQfiVklGMTn/8Ix/p3jG4L3fJO2PSCY=",
        "type": "tarball",
        "url": "https://github.com/cyberbotics/webots/releases/download/R2023b/webots-R2023b-x86-64.tar.bz2"
      },
      "original": {
        "type": "tarball",
        "url": "https://github.com/cyberbotics/webots/releases/download/R2023b/webots-R2023b-x86-64.tar.bz2"
      }
    }
  },
  "root": "root",
  "version": 7
}
